{
  "requires": true,
  "lockfileVersion": 1,
  "dependencies": {
    "sat": {
      "version": "0.7.0",
      "resolved": "https://registry.npmjs.org/sat/-/sat-0.7.0.tgz",
      "integrity": "sha512-5bwee+SsMLErsQUFZefoEwGFpuKC4QdV5cS/W6r4JEbhcFFnDnSMVCguVd+6J7eaAlEN80oUX1P2KFIcSx9WUQ=="
    }
  }
}
